
Microsoft Visual Studio Solution File, Format Version 12.00
# Visual Studio Version 16
VisualStudioVersion = 16.0.31025.194
MinimumVisualStudioVersion = 10.0.40219.1
Project("{FAE04EC0-301F-11D3-BF4B-00C04F79EFBC}") = "CameraSearch", "CameraSearch.csproj", "{88853F45-23CC-47BB-81F1-C384D439DD64}"
EndProject
Global
	GlobalSection(SolutionConfigurationPlatforms) = preSolution
		Debug|Any CPU = Debug|Any CPU
		Release|Any CPU = Release|Any CPU
	EndGlobalSection
	GlobalSection(ProjectConfigurationPlatforms) = postSolution
		{88853F45-23CC-47BB-81F1-C384D439DD64}.Debug|Any CPU.ActiveCfg = Debug|Any CPU
		{88853F45-23CC-47BB-81F1-C384D439DD64}.Debug|Any CPU.Build.0 = Debug|Any CPU
		{88853F45-23CC-47BB-81F1-C384D439DD64}.Release|Any CPU.ActiveCfg = Release|Any CPU
		{88853F45-23CC-47BB-81F1-C384D439DD64}.Release|Any CPU.Build.0 = Release|Any CPU
	EndGlobalSection
	GlobalSection(SolutionProperties) = preSolution
		HideSolutionNode = FALSE
	EndGlobalSection
	GlobalSection(ExtensibilityGlobals) = postSolution
		SolutionGuid = {1AE5CCAA-0208-48C1-B83C-9BB57FCB0F1D}
	EndGlobalSection
EndGlobal
